// !$*UTF8*$!
{
	archiveVersion = 1;
	classes = {
	};
	objectVersion = 50;
	objects = {

/* Begin PBXBuildFile section */
		28EDE1B42415A30B004CB220 /* playerModel.swift in Sources */ = {isa = PBXBuildFile; fileRef = 28EDE1B32415A30B004CB220 /* playerModel.swift */; };
		E90B993D241F00D000C6C9FF /* storyFetching.swift in Sources */ = {isa = PBXBuildFile; fileRef = E90B993C241F00D000C6C9FF /* storyFetching.swift */; };
		E90B993F241F00E700C6C9FF /* sceneFetching.swift in Sources */ = {isa = PBXBuildFile; fileRef = E90B993E241F00E700C6C9FF /* sceneFetching.swift */; };
		E90B9941241F00F200C6C9FF /* storyUpdating.swift in Sources */ = {isa = PBXBuildFile; fileRef = E90B9940241F00F200C6C9FF /* storyUpdating.swift */; };
		E90B9943241F00FD00C6C9FF /* sceneUpdating.swift in Sources */ = {isa = PBXBuildFile; fileRef = E90B9942241F00FD00C6C9FF /* sceneUpdating.swift */; };
		E90B9946241F03C200C6C9FF /* repository.swift in Sources */ = {isa = PBXBuildFile; fileRef = E90B9945241F03C200C6C9FF /* repository.swift */; };
		E90B994C241F040100C6C9FF /* SceneRepository.swift in Sources */ = {isa = PBXBuildFile; fileRef = E90B994B241F040100C6C9FF /* SceneRepository.swift */; };
		E90B994E241F041100C6C9FF /* StoryRepository.swift in Sources */ = {isa = PBXBuildFile; fileRef = E90B994D241F041100C6C9FF /* StoryRepository.swift */; };
		E90B9951241F052B00C6C9FF /* soundFetching.swift in Sources */ = {isa = PBXBuildFile; fileRef = E90B9950241F052B00C6C9FF /* soundFetching.swift */; };
		E90B9953241F053600C6C9FF /* soundUpdating.swift in Sources */ = {isa = PBXBuildFile; fileRef = E90B9952241F053600C6C9FF /* soundUpdating.swift */; };
		E90B9955241F14EA00C6C9FF /* SoundRepository.swift in Sources */ = {isa = PBXBuildFile; fileRef = E90B9954241F14EA00C6C9FF /* SoundRepository.swift */; };
		E9254A7324105CD700BE0D09 /* environmentTableView.swift in Sources */ = {isa = PBXBuildFile; fileRef = E9254A7224105CD700BE0D09 /* environmentTableView.swift */; };
		E9254A7724105D0300BE0D09 /* environmentCell.swift in Sources */ = {isa = PBXBuildFile; fileRef = E9254A7624105D0300BE0D09 /* environmentCell.swift */; };
		E931671823F4D1CB00243E63 /* LifxDomain.framework in Frameworks */ = {isa = PBXBuildFile; fileRef = E97F7D7123E7825600ADB1D5 /* LifxDomain.framework */; };
		E931671923F4D1CB00243E63 /* RxAtomic.framework in Frameworks */ = {isa = PBXBuildFile; fileRef = E97F7D7023E7825600ADB1D5 /* RxAtomic.framework */; };
		E931671A23F4D1CB00243E63 /* RxBlocking.framework in Frameworks */ = {isa = PBXBuildFile; fileRef = E97F7D7723E7827300ADB1D5 /* RxBlocking.framework */; };
		E931671B23F4D1CB00243E63 /* RxCocoa.framework in Frameworks */ = {isa = PBXBuildFile; fileRef = E97F7D7B23E7827300ADB1D5 /* RxCocoa.framework */; };
		E931671C23F4D1CB00243E63 /* RxLifx.framework in Frameworks */ = {isa = PBXBuildFile; fileRef = E97F7D7923E7827300ADB1D5 /* RxLifx.framework */; };
		E931671D23F4D1CB00243E63 /* RxLifxApi.framework in Frameworks */ = {isa = PBXBuildFile; fileRef = E97F7D7823E7827300ADB1D5 /* RxLifxApi.framework */; };
		E931671E23F4D1CB00243E63 /* RxSwift.framework in Frameworks */ = {isa = PBXBuildFile; fileRef = E97F7D7A23E7827300ADB1D5 /* RxSwift.framework */; };
		E9388BBC241EFD3600391285 /* story.swift in Sources */ = {isa = PBXBuildFile; fileRef = E9388BBB241EFD3600391285 /* story.swift */; };
		E9388BBE241EFE0600391285 /* scene.swift in Sources */ = {isa = PBXBuildFile; fileRef = E9388BBD241EFE0600391285 /* scene.swift */; };
		E9388BC6241EFFEA00391285 /* soundData.swift in Sources */ = {isa = PBXBuildFile; fileRef = E9388BC5241EFFEA00391285 /* soundData.swift */; };
		E94574AD23F4D340000AD410 /* RxBlocking.framework in Embed Frameworks */ = {isa = PBXBuildFile; fileRef = E97F7D7723E7827300ADB1D5 /* RxBlocking.framework */; settings = {ATTRIBUTES = (RemoveHeadersOnCopy, ); }; };
		E94574AE23F4D34D000AD410 /* RxCocoa.framework in Embed Frameworks */ = {isa = PBXBuildFile; fileRef = E97F7D7B23E7827300ADB1D5 /* RxCocoa.framework */; settings = {ATTRIBUTES = (RemoveHeadersOnCopy, ); }; };
		E94574AF23F4D34D000AD410 /* RxLifx.framework in Embed Frameworks */ = {isa = PBXBuildFile; fileRef = E97F7D7923E7827300ADB1D5 /* RxLifx.framework */; settings = {ATTRIBUTES = (RemoveHeadersOnCopy, ); }; };
		E94574B023F4D34D000AD410 /* RxLifxApi.framework in Embed Frameworks */ = {isa = PBXBuildFile; fileRef = E97F7D7823E7827300ADB1D5 /* RxLifxApi.framework */; settings = {ATTRIBUTES = (RemoveHeadersOnCopy, ); }; };
		E94574B123F4D34D000AD410 /* RxSwift.framework in Embed Frameworks */ = {isa = PBXBuildFile; fileRef = E97F7D7A23E7827300ADB1D5 /* RxSwift.framework */; settings = {ATTRIBUTES = (RemoveHeadersOnCopy, ); }; };
		E94574B323F4D34D000AD410 /* LifxDomain.framework in Embed Frameworks */ = {isa = PBXBuildFile; fileRef = E97F7D7123E7825600ADB1D5 /* LifxDomain.framework */; settings = {ATTRIBUTES = (RemoveHeadersOnCopy, ); }; };
		E94574B423F4D34D000AD410 /* RxAtomic.framework in Embed Frameworks */ = {isa = PBXBuildFile; fileRef = E97F7D7023E7825600ADB1D5 /* RxAtomic.framework */; settings = {ATTRIBUTES = (RemoveHeadersOnCopy, ); }; };
		E947453223F08012007AC880 /* DataModel.swift in Sources */ = {isa = PBXBuildFile; fileRef = E947453123F08012007AC880 /* DataModel.swift */; };
		E947453C23F39AC8007AC880 /* PageViewController.swift in Sources */ = {isa = PBXBuildFile; fileRef = E947453B23F39AC8007AC880 /* PageViewController.swift */; };
		E96B18BE240C5D21004B4308 /* IntroPage.swift in Sources */ = {isa = PBXBuildFile; fileRef = E96B18BD240C5D21004B4308 /* IntroPage.swift */; };
		E97E3DBA240CA684000C7BCD /* storyTableView.swift in Sources */ = {isa = PBXBuildFile; fileRef = E97E3DB9240CA684000C7BCD /* storyTableView.swift */; };
		E97E3DBC240CB3C2000C7BCD /* storyCell.swift in Sources */ = {isa = PBXBuildFile; fileRef = E97E3DBB240CB3C2000C7BCD /* storyCell.swift */; };
		E97F7D8D23E78C0000ADB1D5 /* NotificationFile.swift in Sources */ = {isa = PBXBuildFile; fileRef = E97F7D8C23E78C0000ADB1D5 /* NotificationFile.swift */; };
		E9862E5923F39CAF000FEF7C /* AddSceneViewController.swift in Sources */ = {isa = PBXBuildFile; fileRef = E9862E5823F39CAF000FEF7C /* AddSceneViewController.swift */; };
		E990B4EF2404E91700187964 /* Networking.framework in Frameworks */ = {isa = PBXBuildFile; fileRef = E990B4EE2404E91700187964 /* Networking.framework */; };
		E990B4F52404EA5400187964 /* URLbuilder.swift in Sources */ = {isa = PBXBuildFile; fileRef = E990B4F42404EA5400187964 /* URLbuilder.swift */; };
		E990B4F72404EA9F00187964 /* Networking.framework in Embed Frameworks */ = {isa = PBXBuildFile; fileRef = E990B4F62404EA9F00187964 /* Networking.framework */; settings = {ATTRIBUTES = (CodeSignOnCopy, RemoveHeadersOnCopy, ); }; };
		E990B4F92404EB1700187964 /* SoundTableViewController.swift in Sources */ = {isa = PBXBuildFile; fileRef = E990B4F82404EB1700187964 /* SoundTableViewController.swift */; };
		E990B4FB2404EB5600187964 /* RecordAudioController.swift in Sources */ = {isa = PBXBuildFile; fileRef = E990B4FA2404EB5600187964 /* RecordAudioController.swift */; };
		E990B4FD2404EBC100187964 /* UIview+Ext.swift in Sources */ = {isa = PBXBuildFile; fileRef = E990B4FC2404EBC100187964 /* UIview+Ext.swift */; };
		E990B5022404EC2700187964 /* data.swift in Sources */ = {isa = PBXBuildFile; fileRef = E990B5012404EC2700187964 /* data.swift */; };
		E990B5042404EC6600187964 /* CustomSoundCell.swift in Sources */ = {isa = PBXBuildFile; fileRef = E990B5032404EC6600187964 /* CustomSoundCell.swift */; };
		E9FCAF4823E38369004A6B9C /* AppDelegate.swift in Sources */ = {isa = PBXBuildFile; fileRef = E9FCAF4723E38369004A6B9C /* AppDelegate.swift */; };
		E9FCAF4A23E38369004A6B9C /* SceneDelegate.swift in Sources */ = {isa = PBXBuildFile; fileRef = E9FCAF4923E38369004A6B9C /* SceneDelegate.swift */; };
		E9FCAF5123E3836B004A6B9C /* Assets.xcassets in Resources */ = {isa = PBXBuildFile; fileRef = E9FCAF5023E3836B004A6B9C /* Assets.xcassets */; };
		E9FCAF5423E3836B004A6B9C /* LaunchScreen.storyboard in Resources */ = {isa = PBXBuildFile; fileRef = E9FCAF5223E3836B004A6B9C /* LaunchScreen.storyboard */; };
		E9FCAF5C23E383DE004A6B9C /* EnvironmentController.swift in Sources */ = {isa = PBXBuildFile; fileRef = E9FCAF5B23E383DE004A6B9C /* EnvironmentController.swift */; };
/* End PBXBuildFile section */

/* Begin PBXCopyFilesBuildPhase section */
		E97F7D7623E7825600ADB1D5 /* Embed Frameworks */ = {
			isa = PBXCopyFilesBuildPhase;
			buildActionMask = 12;
			dstPath = "";
			dstSubfolderSpec = 10;
			files = (
				E94574AE23F4D34D000AD410 /* RxCocoa.framework in Embed Frameworks */,
				E94574AF23F4D34D000AD410 /* RxLifx.framework in Embed Frameworks */,
				E94574B023F4D34D000AD410 /* RxLifxApi.framework in Embed Frameworks */,
				E94574B123F4D34D000AD410 /* RxSwift.framework in Embed Frameworks */,
				E94574B323F4D34D000AD410 /* LifxDomain.framework in Embed Frameworks */,
				E94574B423F4D34D000AD410 /* RxAtomic.framework in Embed Frameworks */,
				E94574AD23F4D340000AD410 /* RxBlocking.framework in Embed Frameworks */,
				E990B4F72404EA9F00187964 /* Networking.framework in Embed Frameworks */,
			);
			name = "Embed Frameworks";
			runOnlyForDeploymentPostprocessing = 0;
		};
/* End PBXCopyFilesBuildPhase section */

/* Begin PBXFileReference section */
		28EDE1B32415A30B004CB220 /* playerModel.swift */ = {isa = PBXFileReference; lastKnownFileType = sourcecode.swift; path = playerModel.swift; sourceTree = "<group>"; };
		E90B993C241F00D000C6C9FF /* storyFetching.swift */ = {isa = PBXFileReference; lastKnownFileType = sourcecode.swift; path = storyFetching.swift; sourceTree = "<group>"; };
		E90B993E241F00E700C6C9FF /* sceneFetching.swift */ = {isa = PBXFileReference; lastKnownFileType = sourcecode.swift; path = sceneFetching.swift; sourceTree = "<group>"; };
		E90B9940241F00F200C6C9FF /* storyUpdating.swift */ = {isa = PBXFileReference; lastKnownFileType = sourcecode.swift; path = storyUpdating.swift; sourceTree = "<group>"; };
		E90B9942241F00FD00C6C9FF /* sceneUpdating.swift */ = {isa = PBXFileReference; lastKnownFileType = sourcecode.swift; path = sceneUpdating.swift; sourceTree = "<group>"; };
		E90B9945241F03C200C6C9FF /* repository.swift */ = {isa = PBXFileReference; lastKnownFileType = sourcecode.swift; path = repository.swift; sourceTree = "<group>"; };
		E90B994B241F040100C6C9FF /* SceneRepository.swift */ = {isa = PBXFileReference; lastKnownFileType = sourcecode.swift; path = SceneRepository.swift; sourceTree = "<group>"; };
		E90B994D241F041100C6C9FF /* StoryRepository.swift */ = {isa = PBXFileReference; lastKnownFileType = sourcecode.swift; path = StoryRepository.swift; sourceTree = "<group>"; };
		E90B9950241F052B00C6C9FF /* soundFetching.swift */ = {isa = PBXFileReference; lastKnownFileType = sourcecode.swift; path = soundFetching.swift; sourceTree = "<group>"; };
		E90B9952241F053600C6C9FF /* soundUpdating.swift */ = {isa = PBXFileReference; lastKnownFileType = sourcecode.swift; path = soundUpdating.swift; sourceTree = "<group>"; };
		E90B9954241F14EA00C6C9FF /* SoundRepository.swift */ = {isa = PBXFileReference; lastKnownFileType = sourcecode.swift; path = SoundRepository.swift; sourceTree = "<group>"; };
		E9254A7224105CD700BE0D09 /* environmentTableView.swift */ = {isa = PBXFileReference; lastKnownFileType = sourcecode.swift; path = environmentTableView.swift; sourceTree = "<group>"; };
		E9254A7624105D0300BE0D09 /* environmentCell.swift */ = {isa = PBXFileReference; lastKnownFileType = sourcecode.swift; path = environmentCell.swift; sourceTree = "<group>"; };
		E9388BBB241EFD3600391285 /* story.swift */ = {isa = PBXFileReference; lastKnownFileType = sourcecode.swift; path = story.swift; sourceTree = "<group>"; };
		E9388BBD241EFE0600391285 /* scene.swift */ = {isa = PBXFileReference; lastKnownFileType = sourcecode.swift; path = scene.swift; sourceTree = "<group>"; };
		E9388BC5241EFFEA00391285 /* soundData.swift */ = {isa = PBXFileReference; lastKnownFileType = sourcecode.swift; path = soundData.swift; sourceTree = "<group>"; };
		E947453123F08012007AC880 /* DataModel.swift */ = {isa = PBXFileReference; lastKnownFileType = sourcecode.swift; path = DataModel.swift; sourceTree = "<group>"; };
		E947453B23F39AC8007AC880 /* PageViewController.swift */ = {isa = PBXFileReference; lastKnownFileType = sourcecode.swift; path = PageViewController.swift; sourceTree = "<group>"; };
		E96B18BD240C5D21004B4308 /* IntroPage.swift */ = {isa = PBXFileReference; lastKnownFileType = sourcecode.swift; path = IntroPage.swift; sourceTree = "<group>"; };
		E97E3DB9240CA684000C7BCD /* storyTableView.swift */ = {isa = PBXFileReference; lastKnownFileType = sourcecode.swift; path = storyTableView.swift; sourceTree = "<group>"; };
		E97E3DBB240CB3C2000C7BCD /* storyCell.swift */ = {isa = PBXFileReference; lastKnownFileType = sourcecode.swift; path = storyCell.swift; sourceTree = "<group>"; };
		E97F7D7023E7825600ADB1D5 /* RxAtomic.framework */ = {isa = PBXFileReference; lastKnownFileType = wrapper.framework; name = RxAtomic.framework; path = Carthage/Build/iOS/RxAtomic.framework; sourceTree = "<group>"; };
		E97F7D7123E7825600ADB1D5 /* LifxDomain.framework */ = {isa = PBXFileReference; lastKnownFileType = wrapper.framework; name = LifxDomain.framework; path = Carthage/Build/iOS/LifxDomain.framework; sourceTree = "<group>"; };
		E97F7D7723E7827300ADB1D5 /* RxBlocking.framework */ = {isa = PBXFileReference; lastKnownFileType = wrapper.framework; name = RxBlocking.framework; path = Carthage/Build/iOS/RxBlocking.framework; sourceTree = "<group>"; };
		E97F7D7823E7827300ADB1D5 /* RxLifxApi.framework */ = {isa = PBXFileReference; lastKnownFileType = wrapper.framework; name = RxLifxApi.framework; path = Carthage/Build/iOS/RxLifxApi.framework; sourceTree = "<group>"; };
		E97F7D7923E7827300ADB1D5 /* RxLifx.framework */ = {isa = PBXFileReference; lastKnownFileType = wrapper.framework; name = RxLifx.framework; path = Carthage/Build/iOS/RxLifx.framework; sourceTree = "<group>"; };
		E97F7D7A23E7827300ADB1D5 /* RxSwift.framework */ = {isa = PBXFileReference; lastKnownFileType = wrapper.framework; name = RxSwift.framework; path = Carthage/Build/iOS/RxSwift.framework; sourceTree = "<group>"; };
		E97F7D7B23E7827300ADB1D5 /* RxCocoa.framework */ = {isa = PBXFileReference; lastKnownFileType = wrapper.framework; name = RxCocoa.framework; path = Carthage/Build/iOS/RxCocoa.framework; sourceTree = "<group>"; };
		E97F7D7C23E7827300ADB1D5 /* RxTest.framework */ = {isa = PBXFileReference; lastKnownFileType = wrapper.framework; name = RxTest.framework; path = Carthage/Build/iOS/RxTest.framework; sourceTree = "<group>"; };
		E97F7D8C23E78C0000ADB1D5 /* NotificationFile.swift */ = {isa = PBXFileReference; lastKnownFileType = sourcecode.swift; path = NotificationFile.swift; sourceTree = "<group>"; };
		E9862E5823F39CAF000FEF7C /* AddSceneViewController.swift */ = {isa = PBXFileReference; lastKnownFileType = sourcecode.swift; path = AddSceneViewController.swift; sourceTree = "<group>"; };
		E990B4EE2404E91700187964 /* Networking.framework */ = {isa = PBXFileReference; lastKnownFileType = wrapper.framework; name = Networking.framework; path = Carthage/Build/iOS/Networking.framework; sourceTree = "<group>"; };
		E990B4F42404EA5400187964 /* URLbuilder.swift */ = {isa = PBXFileReference; lastKnownFileType = sourcecode.swift; path = URLbuilder.swift; sourceTree = "<group>"; };
		E990B4F62404EA9F00187964 /* Networking.framework */ = {isa = PBXFileReference; lastKnownFileType = wrapper.framework; name = Networking.framework; path = Carthage/Build/iOS/Networking.framework; sourceTree = "<group>"; };
		E990B4F82404EB1700187964 /* SoundTableViewController.swift */ = {isa = PBXFileReference; lastKnownFileType = sourcecode.swift; path = SoundTableViewController.swift; sourceTree = "<group>"; };
		E990B4FA2404EB5600187964 /* RecordAudioController.swift */ = {isa = PBXFileReference; lastKnownFileType = sourcecode.swift; path = RecordAudioController.swift; sourceTree = "<group>"; };
		E990B4FC2404EBC100187964 /* UIview+Ext.swift */ = {isa = PBXFileReference; lastKnownFileType = sourcecode.swift; path = "UIview+Ext.swift"; sourceTree = "<group>"; };
		E990B5012404EC2700187964 /* data.swift */ = {isa = PBXFileReference; lastKnownFileType = sourcecode.swift; path = data.swift; sourceTree = "<group>"; };
		E990B5032404EC6600187964 /* CustomSoundCell.swift */ = {isa = PBXFileReference; lastKnownFileType = sourcecode.swift; path = CustomSoundCell.swift; sourceTree = "<group>"; };
		E9FCAF4423E38369004A6B9C /* StoryGlow.app */ = {isa = PBXFileReference; explicitFileType = wrapper.application; includeInIndex = 0; path = StoryGlow.app; sourceTree = BUILT_PRODUCTS_DIR; };
		E9FCAF4723E38369004A6B9C /* AppDelegate.swift */ = {isa = PBXFileReference; lastKnownFileType = sourcecode.swift; path = AppDelegate.swift; sourceTree = "<group>"; };
		E9FCAF4923E38369004A6B9C /* SceneDelegate.swift */ = {isa = PBXFileReference; lastKnownFileType = sourcecode.swift; path = SceneDelegate.swift; sourceTree = "<group>"; };
		E9FCAF5023E3836B004A6B9C /* Assets.xcassets */ = {isa = PBXFileReference; lastKnownFileType = folder.assetcatalog; path = Assets.xcassets; sourceTree = "<group>"; };
		E9FCAF5323E3836B004A6B9C /* Base */ = {isa = PBXFileReference; lastKnownFileType = file.storyboard; name = Base; path = Base.lproj/LaunchScreen.storyboard; sourceTree = "<group>"; };
		E9FCAF5523E3836B004A6B9C /* Info.plist */ = {isa = PBXFileReference; lastKnownFileType = text.plist.xml; path = Info.plist; sourceTree = "<group>"; };
		E9FCAF5B23E383DE004A6B9C /* EnvironmentController.swift */ = {isa = PBXFileReference; lastKnownFileType = sourcecode.swift; path = EnvironmentController.swift; sourceTree = "<group>"; };
/* End PBXFileReference section */

/* Begin PBXFrameworksBuildPhase section */
		E9FCAF4123E38369004A6B9C /* Frameworks */ = {
			isa = PBXFrameworksBuildPhase;
			buildActionMask = 2147483647;
			files = (
				E931671823F4D1CB00243E63 /* LifxDomain.framework in Frameworks */,
				E931671923F4D1CB00243E63 /* RxAtomic.framework in Frameworks */,
				E931671A23F4D1CB00243E63 /* RxBlocking.framework in Frameworks */,
				E931671B23F4D1CB00243E63 /* RxCocoa.framework in Frameworks */,
				E931671C23F4D1CB00243E63 /* RxLifx.framework in Frameworks */,
				E931671D23F4D1CB00243E63 /* RxLifxApi.framework in Frameworks */,
				E931671E23F4D1CB00243E63 /* RxSwift.framework in Frameworks */,
				E990B4EF2404E91700187964 /* Networking.framework in Frameworks */,
			);
			runOnlyForDeploymentPostprocessing = 0;
		};
/* End PBXFrameworksBuildPhase section */

/* Begin PBXGroup section */
		E90B9939241F008400C6C9FF /* Model */ = {
			isa = PBXGroup;
			children = (
				E9388BBB241EFD3600391285 /* story.swift */,
				E9388BBD241EFE0600391285 /* scene.swift */,
				E9388BC5241EFFEA00391285 /* soundData.swift */,
			);
			path = Model;
			sourceTree = "<group>";
		};
		E90B9944241F010400C6C9FF /* protocol */ = {
			isa = PBXGroup;
			children = (
				E90B993C241F00D000C6C9FF /* storyFetching.swift */,
				E90B993E241F00E700C6C9FF /* sceneFetching.swift */,
				E90B9950241F052B00C6C9FF /* soundFetching.swift */,
				E90B9940241F00F200C6C9FF /* storyUpdating.swift */,
				E90B9942241F00FD00C6C9FF /* sceneUpdating.swift */,
				E90B9952241F053600C6C9FF /* soundUpdating.swift */,
			);
			path = protocol;
			sourceTree = "<group>";
		};
		E90B994F241F041B00C6C9FF /* repositories */ = {
			isa = PBXGroup;
			children = (
				E90B9945241F03C200C6C9FF /* repository.swift */,
				E90B994D241F041100C6C9FF /* StoryRepository.swift */,
				E90B994B241F040100C6C9FF /* SceneRepository.swift */,
				E90B9954241F14EA00C6C9FF /* SoundRepository.swift */,
			);
			path = repositories;
			sourceTree = "<group>";
		};
		E97F7D6D23E7821900ADB1D5 /* Frameworks */ = {
			isa = PBXGroup;
			children = (
				E990B4EE2404E91700187964 /* Networking.framework */,
				E97F7D7723E7827300ADB1D5 /* RxBlocking.framework */,
				E97F7D7B23E7827300ADB1D5 /* RxCocoa.framework */,
				E97F7D7923E7827300ADB1D5 /* RxLifx.framework */,
				E97F7D7823E7827300ADB1D5 /* RxLifxApi.framework */,
				E97F7D7A23E7827300ADB1D5 /* RxSwift.framework */,
				E97F7D7C23E7827300ADB1D5 /* RxTest.framework */,
				E97F7D7123E7825600ADB1D5 /* LifxDomain.framework */,
				E97F7D7023E7825600ADB1D5 /* RxAtomic.framework */,
			);
			name = Frameworks;
			sourceTree = "<group>";
		};
		E990B4FE2404EBCD00187964 /* Extension-Utilities */ = {
			isa = PBXGroup;
			children = (
				E990B4FC2404EBC100187964 /* UIview+Ext.swift */,
			);
			path = "Extension-Utilities";
			sourceTree = "<group>";
		};
		E990B5002404EBF900187964 /* soundControl */ = {
			isa = PBXGroup;
			children = (
				E990B4FA2404EB5600187964 /* RecordAudioController.swift */,
				E990B4FE2404EBCD00187964 /* Extension-Utilities */,
				E990B4F42404EA5400187964 /* URLbuilder.swift */,
				E990B4F82404EB1700187964 /* SoundTableViewController.swift */,
				E990B5032404EC6600187964 /* CustomSoundCell.swift */,
				E990B5012404EC2700187964 /* data.swift */,
			);
			path = soundControl;
			sourceTree = "<group>";
		};
		E990B5072404F06000187964 /* SceneControl */ = {
			isa = PBXGroup;
			children = (
				E947453B23F39AC8007AC880 /* PageViewController.swift */,
				E9862E5823F39CAF000FEF7C /* AddSceneViewController.swift */,
			);
			path = SceneControl;
			sourceTree = "<group>";
		};
		E990B5082404F0A900187964 /* lightControl */ = {
			isa = PBXGroup;
			children = (
				E9FCAF5B23E383DE004A6B9C /* EnvironmentController.swift */,
				E97F7D8C23E78C0000ADB1D5 /* NotificationFile.swift */,
			);
			path = lightControl;
			sourceTree = "<group>";
		};
		E9C72B14241064950087E6E4 /* environmentTableview */ = {
			isa = PBXGroup;
			children = (
				E9254A7224105CD700BE0D09 /* environmentTableView.swift */,
				E9254A7624105D0300BE0D09 /* environmentCell.swift */,
			);
			path = environmentTableview;
			sourceTree = "<group>";
		};
		E9C72B15241064AA0087E6E4 /* initialNavigationalItems */ = {
			isa = PBXGroup;
			children = (
				E97E3DB9240CA684000C7BCD /* storyTableView.swift */,
				E97E3DBB240CB3C2000C7BCD /* storyCell.swift */,
				E96B18BD240C5D21004B4308 /* IntroPage.swift */,
				E9C72B14241064950087E6E4 /* environmentTableview */,
			);
			path = initialNavigationalItems;
			sourceTree = "<group>";
		};
		E9FCAF3B23E38369004A6B9C = {
			isa = PBXGroup;
			children = (
				E990B4F62404EA9F00187964 /* Networking.framework */,
				E9FCAF4623E38369004A6B9C /* StoryGlow */,
				E9FCAF4523E38369004A6B9C /* Products */,
				E97F7D6D23E7821900ADB1D5 /* Frameworks */,
			);
			sourceTree = "<group>";
		};
		E9FCAF4523E38369004A6B9C /* Products */ = {
			isa = PBXGroup;
			children = (
				E9FCAF4423E38369004A6B9C /* StoryGlow.app */,
			);
			name = Products;
			sourceTree = "<group>";
		};
		E9FCAF4623E38369004A6B9C /* StoryGlow */ = {
			isa = PBXGroup;
			children = (
				E9FCAF4923E38369004A6B9C /* SceneDelegate.swift */,
				E9FCAF4723E38369004A6B9C /* AppDelegate.swift */,
				28EDE1B32415A30B004CB220 /* playerModel.swift */,
				E990B5002404EBF900187964 /* soundControl */,
				E990B5082404F0A900187964 /* lightControl */,
				E990B5072404F06000187964 /* SceneControl */,
				E947453123F08012007AC880 /* DataModel.swift */,
				E90B994F241F041B00C6C9FF /* repositories */,
				E90B9944241F010400C6C9FF /* protocol */,
				E90B9939241F008400C6C9FF /* Model */,
				E9C72B15241064AA0087E6E4 /* initialNavigationalItems */,
				E9FCAF5023E3836B004A6B9C /* Assets.xcassets */,
				E9FCAF5223E3836B004A6B9C /* LaunchScreen.storyboard */,
				E9FCAF5523E3836B004A6B9C /* Info.plist */,
			);
			path = StoryGlow;
			sourceTree = "<group>";
		};
/* End PBXGroup section */

/* Begin PBXNativeTarget section */
		E9FCAF4323E38369004A6B9C /* StoryGlow */ = {
			isa = PBXNativeTarget;
			buildConfigurationList = E9FCAF5823E3836B004A6B9C /* Build configuration list for PBXNativeTarget "StoryGlow" */;
			buildPhases = (
				E9FCAF4023E38369004A6B9C /* Sources */,
				E9FCAF4123E38369004A6B9C /* Frameworks */,
				E9FCAF4223E38369004A6B9C /* Resources */,
				E97F7D7623E7825600ADB1D5 /* Embed Frameworks */,
				E9A4FD1B23F4F624002DF295 /* ShellScript */,
			);
			buildRules = (
			);
			dependencies = (
			);
			name = StoryGlow;
			productName = StoryGlow;
			productReference = E9FCAF4423E38369004A6B9C /* StoryGlow.app */;
			productType = "com.apple.product-type.application";
		};
/* End PBXNativeTarget section */

/* Begin PBXProject section */
		E9FCAF3C23E38369004A6B9C /* Project object */ = {
			isa = PBXProject;
			attributes = {
				LastSwiftUpdateCheck = 1130;
				LastUpgradeCheck = 1130;
				ORGANIZATIONNAME = "Varun Narayanswamy";
				TargetAttributes = {
					E9FCAF4323E38369004A6B9C = {
						CreatedOnToolsVersion = 11.3.1;
					};
				};
			};
			buildConfigurationList = E9FCAF3F23E38369004A6B9C /* Build configuration list for PBXProject "StoryGlow" */;
			compatibilityVersion = "Xcode 9.3";
			developmentRegion = en;
			hasScannedForEncodings = 0;
			knownRegions = (
				en,
				Base,
			);
			mainGroup = E9FCAF3B23E38369004A6B9C;
			productRefGroup = E9FCAF4523E38369004A6B9C /* Products */;
			projectDirPath = "";
			projectRoot = "";
			targets = (
				E9FCAF4323E38369004A6B9C /* StoryGlow */,
			);
		};
/* End PBXProject section */

/* Begin PBXResourcesBuildPhase section */
		E9FCAF4223E38369004A6B9C /* Resources */ = {
			isa = PBXResourcesBuildPhase;
			buildActionMask = 2147483647;
			files = (
				E9FCAF5423E3836B004A6B9C /* LaunchScreen.storyboard in Resources */,
				E9FCAF5123E3836B004A6B9C /* Assets.xcassets in Resources */,
			);
			runOnlyForDeploymentPostprocessing = 0;
		};
/* End PBXResourcesBuildPhase section */

/* Begin PBXShellScriptBuildPhase section */
		E9A4FD1B23F4F624002DF295 /* ShellScript */ = {
			isa = PBXShellScriptBuildPhase;
			buildActionMask = 2147483647;
			files = (
			);
			inputFileListPaths = (
			);
			inputPaths = (
				"$(SRCROOT)/Carthage/Build/iOS/LifxDomain.framework",
				"$(SRCROOT)/Carthage/Build/iOS/RxLifxApi.framework",
				"$(SRCROOT)/Carthage/Build/iOS/RxLifx.framework",
				"$(SRCROOT)/Carthage/Build/iOS/RxCocoa.framework",
				"$(SRCROOT)/Carthage/Build/iOS/RxSwift.framework",
				"$(SRCROOT)/Carthage/Build/iOS/RxAtomic.framework",
				"$(SRCROOT)/Carthage/Build/iOS/RxBlocking.framework",
			);
			outputFileListPaths = (
			);
			outputPaths = (
			);
			runOnlyForDeploymentPostprocessing = 0;
			shellPath = /bin/sh;
			shellScript = "/usr/local/bin/carthage copy-frameworks\n\n";
		};
/* End PBXShellScriptBuildPhase section */

/* Begin PBXSourcesBuildPhase section */
		E9FCAF4023E38369004A6B9C /* Sources */ = {
			isa = PBXSourcesBuildPhase;
			buildActionMask = 2147483647;
			files = (
				E990B4FB2404EB5600187964 /* RecordAudioController.swift in Sources */,
				E90B9951241F052B00C6C9FF /* soundFetching.swift in Sources */,
				E9388BC6241EFFEA00391285 /* soundData.swift in Sources */,
				E947453223F08012007AC880 /* DataModel.swift in Sources */,
				E97E3DBA240CA684000C7BCD /* storyTableView.swift in Sources */,
				E90B993F241F00E700C6C9FF /* sceneFetching.swift in Sources */,
				E97E3DBC240CB3C2000C7BCD /* storyCell.swift in Sources */,
				E97F7D8D23E78C0000ADB1D5 /* NotificationFile.swift in Sources */,
				E9FCAF4823E38369004A6B9C /* AppDelegate.swift in Sources */,
				E947453C23F39AC8007AC880 /* PageViewController.swift in Sources */,
				E90B994E241F041100C6C9FF /* StoryRepository.swift in Sources */,
				E9FCAF5C23E383DE004A6B9C /* EnvironmentController.swift in Sources */,
				E90B994C241F040100C6C9FF /* SceneRepository.swift in Sources */,
				E990B4F52404EA5400187964 /* URLbuilder.swift in Sources */,
				E990B5022404EC2700187964 /* data.swift in Sources */,
				E90B9946241F03C200C6C9FF /* repository.swift in Sources */,
				E9254A7324105CD700BE0D09 /* environmentTableView.swift in Sources */,
				E90B9953241F053600C6C9FF /* soundUpdating.swift in Sources */,
				E990B4FD2404EBC100187964 /* UIview+Ext.swift in Sources */,
				E9FCAF4A23E38369004A6B9C /* SceneDelegate.swift in Sources */,
				E990B4F92404EB1700187964 /* SoundTableViewController.swift in Sources */,
				E9388BBE241EFE0600391285 /* scene.swift in Sources */,
				E96B18BE240C5D21004B4308 /* IntroPage.swift in Sources */,
				E9862E5923F39CAF000FEF7C /* AddSceneViewController.swift in Sources */,
				28EDE1B42415A30B004CB220 /* playerModel.swift in Sources */,
				E90B9955241F14EA00C6C9FF /* SoundRepository.swift in Sources */,
				E9254A7724105D0300BE0D09 /* environmentCell.swift in Sources */,
				E990B5042404EC6600187964 /* CustomSoundCell.swift in Sources */,
				E90B9943241F00FD00C6C9FF /* sceneUpdating.swift in Sources */,
				E9388BBC241EFD3600391285 /* story.swift in Sources */,
				E90B9941241F00F200C6C9FF /* storyUpdating.swift in Sources */,
				E90B993D241F00D000C6C9FF /* storyFetching.swift in Sources */,
			);
			runOnlyForDeploymentPostprocessing = 0;
		};
/* End PBXSourcesBuildPhase section */

/* Begin PBXVariantGroup section */
		E9FCAF5223E3836B004A6B9C /* LaunchScreen.storyboard */ = {
			isa = PBXVariantGroup;
			children = (
				E9FCAF5323E3836B004A6B9C /* Base */,
			);
			name = LaunchScreen.storyboard;
			sourceTree = "<group>";
		};
/* End PBXVariantGroup section */

/* Begin XCBuildConfiguration section */
		E9FCAF5623E3836B004A6B9C /* Debug */ = {
			isa = XCBuildConfiguration;
			buildSettings = {
				ALWAYS_SEARCH_USER_PATHS = NO;
				CLANG_ANALYZER_NONNULL = YES;
				CLANG_ANALYZER_NUMBER_OBJECT_CONVERSION = YES_AGGRESSIVE;
				CLANG_CXX_LANGUAGE_STANDARD = "gnu++14";
				CLANG_CXX_LIBRARY = "libc++";
				CLANG_ENABLE_MODULES = YES;
				CLANG_ENABLE_OBJC_ARC = YES;
				CLANG_ENABLE_OBJC_WEAK = YES;
				CLANG_WARN_BLOCK_CAPTURE_AUTORELEASING = YES;
				CLANG_WARN_BOOL_CONVERSION = YES;
				CLANG_WARN_COMMA = YES;
				CLANG_WARN_CONSTANT_CONVERSION = YES;
				CLANG_WARN_DEPRECATED_OBJC_IMPLEMENTATIONS = YES;
				CLANG_WARN_DIRECT_OBJC_ISA_USAGE = YES_ERROR;
				CLANG_WARN_DOCUMENTATION_COMMENTS = YES;
				CLANG_WARN_EMPTY_BODY = YES;
				CLANG_WARN_ENUM_CONVERSION = YES;
				CLANG_WARN_INFINITE_RECURSION = YES;
				CLANG_WARN_INT_CONVERSION = YES;
				CLANG_WARN_NON_LITERAL_NULL_CONVERSION = YES;
				CLANG_WARN_OBJC_IMPLICIT_RETAIN_SELF = YES;
				CLANG_WARN_OBJC_LITERAL_CONVERSION = YES;
				CLANG_WARN_OBJC_ROOT_CLASS = YES_ERROR;
				CLANG_WARN_RANGE_LOOP_ANALYSIS = YES;
				CLANG_WARN_STRICT_PROTOTYPES = YES;
				CLANG_WARN_SUSPICIOUS_MOVE = YES;
				CLANG_WARN_UNGUARDED_AVAILABILITY = YES_AGGRESSIVE;
				CLANG_WARN_UNREACHABLE_CODE = YES;
				CLANG_WARN__DUPLICATE_METHOD_MATCH = YES;
				COPY_PHASE_STRIP = NO;
				DEBUG_INFORMATION_FORMAT = dwarf;
				ENABLE_STRICT_OBJC_MSGSEND = YES;
				ENABLE_TESTABILITY = YES;
				GCC_C_LANGUAGE_STANDARD = gnu11;
				GCC_DYNAMIC_NO_PIC = NO;
				GCC_NO_COMMON_BLOCKS = YES;
				GCC_OPTIMIZATION_LEVEL = 0;
				GCC_PREPROCESSOR_DEFINITIONS = (
					"DEBUG=1",
					"$(inherited)",
				);
				GCC_WARN_64_TO_32_BIT_CONVERSION = YES;
				GCC_WARN_ABOUT_RETURN_TYPE = YES_ERROR;
				GCC_WARN_UNDECLARED_SELECTOR = YES;
				GCC_WARN_UNINITIALIZED_AUTOS = YES_AGGRESSIVE;
				GCC_WARN_UNUSED_FUNCTION = YES;
				GCC_WARN_UNUSED_VARIABLE = YES;
				IPHONEOS_DEPLOYMENT_TARGET = 13.2;
				MTL_ENABLE_DEBUG_INFO = INCLUDE_SOURCE;
				MTL_FAST_MATH = YES;
				ONLY_ACTIVE_ARCH = YES;
				SDKROOT = iphoneos;
				SWIFT_ACTIVE_COMPILATION_CONDITIONS = DEBUG;
				SWIFT_OPTIMIZATION_LEVEL = "-Onone";
			};
			name = Debug;
		};
		E9FCAF5723E3836B004A6B9C /* Release */ = {
			isa = XCBuildConfiguration;
			buildSettings = {
				ALWAYS_SEARCH_USER_PATHS = NO;
				CLANG_ANALYZER_NONNULL = YES;
				CLANG_ANALYZER_NUMBER_OBJECT_CONVERSION = YES_AGGRESSIVE;
				CLANG_CXX_LANGUAGE_STANDARD = "gnu++14";
				CLANG_CXX_LIBRARY = "libc++";
				CLANG_ENABLE_MODULES = YES;
				CLANG_ENABLE_OBJC_ARC = YES;
				CLANG_ENABLE_OBJC_WEAK = YES;
				CLANG_WARN_BLOCK_CAPTURE_AUTORELEASING = YES;
				CLANG_WARN_BOOL_CONVERSION = YES;
				CLANG_WARN_COMMA = YES;
				CLANG_WARN_CONSTANT_CONVERSION = YES;
				CLANG_WARN_DEPRECATED_OBJC_IMPLEMENTATIONS = YES;
				CLANG_WARN_DIRECT_OBJC_ISA_USAGE = YES_ERROR;
				CLANG_WARN_DOCUMENTATION_COMMENTS = YES;
				CLANG_WARN_EMPTY_BODY = YES;
				CLANG_WARN_ENUM_CONVERSION = YES;
				CLANG_WARN_INFINITE_RECURSION = YES;
				CLANG_WARN_INT_CONVERSION = YES;
				CLANG_WARN_NON_LITERAL_NULL_CONVERSION = YES;
				CLANG_WARN_OBJC_IMPLICIT_RETAIN_SELF = YES;
				CLANG_WARN_OBJC_LITERAL_CONVERSION = YES;
				CLANG_WARN_OBJC_ROOT_CLASS = YES_ERROR;
				CLANG_WARN_RANGE_LOOP_ANALYSIS = YES;
				CLANG_WARN_STRICT_PROTOTYPES = YES;
				CLANG_WARN_SUSPICIOUS_MOVE = YES;
				CLANG_WARN_UNGUARDED_AVAILABILITY = YES_AGGRESSIVE;
				CLANG_WARN_UNREACHABLE_CODE = YES;
				CLANG_WARN__DUPLICATE_METHOD_MATCH = YES;
				COPY_PHASE_STRIP = NO;
				DEBUG_INFORMATION_FORMAT = "dwarf-with-dsym";
				ENABLE_NS_ASSERTIONS = NO;
				ENABLE_STRICT_OBJC_MSGSEND = YES;
				GCC_C_LANGUAGE_STANDARD = gnu11;
				GCC_NO_COMMON_BLOCKS = YES;
				GCC_WARN_64_TO_32_BIT_CONVERSION = YES;
				GCC_WARN_ABOUT_RETURN_TYPE = YES_ERROR;
				GCC_WARN_UNDECLARED_SELECTOR = YES;
				GCC_WARN_UNINITIALIZED_AUTOS = YES_AGGRESSIVE;
				GCC_WARN_UNUSED_FUNCTION = YES;
				GCC_WARN_UNUSED_VARIABLE = YES;
				IPHONEOS_DEPLOYMENT_TARGET = 13.2;
				MTL_ENABLE_DEBUG_INFO = NO;
				MTL_FAST_MATH = YES;
				SDKROOT = iphoneos;
				SWIFT_COMPILATION_MODE = wholemodule;
				SWIFT_OPTIMIZATION_LEVEL = "-O";
				VALIDATE_PRODUCT = YES;
			};
			name = Release;
		};
		E9FCAF5923E3836B004A6B9C /* Debug */ = {
			isa = XCBuildConfiguration;
			buildSettings = {
				ALWAYS_EMBED_SWIFT_STANDARD_LIBRARIES = YES;
				ASSETCATALOG_COMPILER_APPICON_NAME = AppIcon;
				CODE_SIGN_STYLE = Automatic;
				DEVELOPMENT_TEAM = RF8WDUR5RE;
				FRAMEWORK_SEARCH_PATHS = (
					"$(inherited)",
					"$(PROJECT_DIR)/Carthage/Build/iOS",
				);
				INFOPLIST_FILE = StoryGlow/Info.plist;
				IPHONEOS_DEPLOYMENT_TARGET = 13.0;
				LD_RUNPATH_SEARCH_PATHS = (
					"$(inherited)",
					"@executable_path/Frameworks",
				);
				MACH_O_TYPE = mh_execute;
				PRODUCT_BUNDLE_IDENTIFIER = Varun.StoryGlow;
				PRODUCT_NAME = "$(TARGET_NAME)";
				SWIFT_VERSION = 5.0;
				TARGETED_DEVICE_FAMILY = "1,2";
			};
			name = Debug;
		};
		E9FCAF5A23E3836B004A6B9C /* Release */ = {
			isa = XCBuildConfiguration;
			buildSettings = {
				ALWAYS_EMBED_SWIFT_STANDARD_LIBRARIES = YES;
				ASSETCATALOG_COMPILER_APPICON_NAME = AppIcon;
				CODE_SIGN_STYLE = Automatic;
				DEVELOPMENT_TEAM = RF8WDUR5RE;
				FRAMEWORK_SEARCH_PATHS = (
					"$(inherited)",
					"$(PROJECT_DIR)/Carthage/Build/iOS",
				);
				INFOPLIST_FILE = StoryGlow/Info.plist;
				IPHONEOS_DEPLOYMENT_TARGET = 13.0;
				LD_RUNPATH_SEARCH_PATHS = (
					"$(inherited)",
					"@executable_path/Frameworks",
				);
				MACH_O_TYPE = mh_execute;
				PRODUCT_BUNDLE_IDENTIFIER = Varun.StoryGlow;
				PRODUCT_NAME = "$(TARGET_NAME)";
				SWIFT_VERSION = 5.0;
				TARGETED_DEVICE_FAMILY = "1,2";
			};
			name = Release;
		};
/* End XCBuildConfiguration section */

/* Begin XCConfigurationList section */
		E9FCAF3F23E38369004A6B9C /* Build configuration list for PBXProject "StoryGlow" */ = {
			isa = XCConfigurationList;
			buildConfigurations = (
				E9FCAF5623E3836B004A6B9C /* Debug */,
				E9FCAF5723E3836B004A6B9C /* Release */,
			);
			defaultConfigurationIsVisible = 0;
			defaultConfigurationName = Release;
		};
		E9FCAF5823E3836B004A6B9C /* Build configuration list for PBXNativeTarget "StoryGlow" */ = {
			isa = XCConfigurationList;
			buildConfigurations = (
				E9FCAF5923E3836B004A6B9C /* Debug */,
				E9FCAF5A23E3836B004A6B9C /* Release */,
			);
			defaultConfigurationIsVisible = 0;
			defaultConfigurationName = Release;
		};
/* End XCConfigurationList section */
	};
	rootObject = E9FCAF3C23E38369004A6B9C /* Project object */;
}
